
Microsoft Visual Studio Solution File, Format Version 12.00
# Visual Studio Version 16
VisualStudioVersion = 16.0.30011.22
MinimumVisualStudioVersion = 10.0.40219.1
Project("{FAE04EC0-301F-11D3-BF4B-00C04F79EFBC}") = "loginscreenxamarin.Android", "loginscreenxamarin\loginscreenxamarin.Android\loginscreenxamarin.Android.csproj", "{6916382F-0359-4F6D-B8E2-7F1C96FB074C}"
EndProject
Project("{FAE04EC0-301F-11D3-BF4B-00C04F79EFBC}") = "loginscreenxamarin.iOS", "loginscreenxamarin\loginscreenxamarin.iOS\loginscreenxamarin.iOS.csproj", "{85A98215-E606-4261-8883-E9D8B551C1BD}"
EndProject
Project("{9A19103F-16F7-4668-BE54-9A1E7A4F7556}") = "loginscreenxamarin", "loginscreenxamarin\loginscreenxamarin\loginscreenxamarin.csproj", "{B343E183-42A6-42AF-BED2-A9D31BA8A067}"
EndProject
Project("{FAE04EC0-301F-11D3-BF4B-00C04F79EFBC}") = "loginscreenlibrary", "loginscreenlibrary\loginscreenlibrary.csproj", "{98D20834-4733-4800-A5B7-15177111A50B}"
EndProject
Project("{FAE04EC0-301F-11D3-BF4B-00C04F79EFBC}") = "loginscreenwebapp", "loginscreenwebapp\loginscreenwebapp.csproj", "{05421C3E-47C0-41F5-878F-B5712CDED840}"
EndProject
Global
	GlobalSection(SolutionConfigurationPlatforms) = preSolution
		Debug|Any CPU = Debug|Any CPU
		Debug|iPhone = Debug|iPhone
		Debug|iPhoneSimulator = Debug|iPhoneSimulator
		Release|Any CPU = Release|Any CPU
		Release|iPhone = Release|iPhone
		Release|iPhoneSimulator = Release|iPhoneSimulator
	EndGlobalSection
	GlobalSection(ProjectConfigurationPlatforms) = postSolution
		{6916382F-0359-4F6D-B8E2-7F1C96FB074C}.Debug|Any CPU.ActiveCfg = Debug|Any CPU
		{6916382F-0359-4F6D-B8E2-7F1C96FB074C}.Debug|Any CPU.Build.0 = Debug|Any CPU
		{6916382F-0359-4F6D-B8E2-7F1C96FB074C}.Debug|Any CPU.Deploy.0 = Debug|Any CPU
		{6916382F-0359-4F6D-B8E2-7F1C96FB074C}.Debug|iPhone.ActiveCfg = Debug|Any CPU
		{6916382F-0359-4F6D-B8E2-7F1C96FB074C}.Debug|iPhone.Build.0 = Debug|Any CPU
		{6916382F-0359-4F6D-B8E2-7F1C96FB074C}.Debug|iPhone.Deploy.0 = Debug|Any CPU
		{6916382F-0359-4F6D-B8E2-7F1C96FB074C}.Debug|iPhoneSimulator.ActiveCfg = Debug|Any CPU
		{6916382F-0359-4F6D-B8E2-7F1C96FB074C}.Debug|iPhoneSimulator.Build.0 = Debug|Any CPU
		{6916382F-0359-4F6D-B8E2-7F1C96FB074C}.Debug|iPhoneSimulator.Deploy.0 = Debug|Any CPU
		{6916382F-0359-4F6D-B8E2-7F1C96FB074C}.Release|Any CPU.ActiveCfg = Release|Any CPU
		{6916382F-0359-4F6D-B8E2-7F1C96FB074C}.Release|Any CPU.Build.0 = Release|Any CPU
		{6916382F-0359-4F6D-B8E2-7F1C96FB074C}.Release|Any CPU.Deploy.0 = Release|Any CPU
		{6916382F-0359-4F6D-B8E2-7F1C96FB074C}.Release|iPhone.ActiveCfg = Release|Any CPU
		{6916382F-0359-4F6D-B8E2-7F1C96FB074C}.Release|iPhone.Build.0 = Release|Any CPU
		{6916382F-0359-4F6D-B8E2-7F1C96FB074C}.Release|iPhone.Deploy.0 = Release|Any CPU
		{6916382F-0359-4F6D-B8E2-7F1C96FB074C}.Release|iPhoneSimulator.ActiveCfg = Release|Any CPU
		{6916382F-0359-4F6D-B8E2-7F1C96FB074C}.Release|iPhoneSimulator.Build.0 = Release|Any CPU
		{6916382F-0359-4F6D-B8E2-7F1C96FB074C}.Release|iPhoneSimulator.Deploy.0 = Release|Any CPU
		{85A98215-E606-4261-8883-E9D8B551C1BD}.Debug|Any CPU.ActiveCfg = Debug|iPhone
		{85A98215-E606-4261-8883-E9D8B551C1BD}.Debug|Any CPU.Build.0 = Debug|iPhone
		{85A98215-E606-4261-8883-E9D8B551C1BD}.Debug|Any CPU.Deploy.0 = Debug|iPhone
		{85A98215-E606-4261-8883-E9D8B551C1BD}.Debug|iPhone.ActiveCfg = Debug|iPhone
		{85A98215-E606-4261-8883-E9D8B551C1BD}.Debug|iPhone.Build.0 = Debug|iPhone
		{85A98215-E606-4261-8883-E9D8B551C1BD}.Debug|iPhone.Deploy.0 = Debug|iPhone
		{85A98215-E606-4261-8883-E9D8B551C1BD}.Debug|iPhoneSimulator.ActiveCfg = Debug|iPhoneSimulator
		{85A98215-E606-4261-8883-E9D8B551C1BD}.Debug|iPhoneSimulator.Build.0 = Debug|iPhoneSimulator
		{85A98215-E606-4261-8883-E9D8B551C1BD}.Debug|iPhoneSimulator.Deploy.0 = Debug|iPhoneSimulator
		{85A98215-E606-4261-8883-E9D8B551C1BD}.Release|Any CPU.ActiveCfg = Release|iPhone
		{85A98215-E606-4261-8883-E9D8B551C1BD}.Release|Any CPU.Build.0 = Release|iPhone
		{85A98215-E606-4261-8883-E9D8B551C1BD}.Release|Any CPU.Deploy.0 = Release|iPhone
		{85A98215-E606-4261-8883-E9D8B551C1BD}.Release|iPhone.ActiveCfg = Release|iPhone
		{85A98215-E606-4261-8883-E9D8B551C1BD}.Release|iPhone.Build.0 = Release|iPhone
		{85A98215-E606-4261-8883-E9D8B551C1BD}.Release|iPhone.Deploy.0 = Release|iPhone
		{85A98215-E606-4261-8883-E9D8B551C1BD}.Release|iPhoneSimulator.ActiveCfg = Release|iPhoneSimulator
		{85A98215-E606-4261-8883-E9D8B551C1BD}.Release|iPhoneSimulator.Build.0 = Release|iPhoneSimulator
		{85A98215-E606-4261-8883-E9D8B551C1BD}.Release|iPhoneSimulator.Deploy.0 = Release|iPhoneSimulator
		{B343E183-42A6-42AF-BED2-A9D31BA8A067}.Debug|Any CPU.ActiveCfg = Debug|Any CPU
		{B343E183-42A6-42AF-BED2-A9D31BA8A067}.Debug|Any CPU.Build.0 = Debug|Any CPU
		{B343E183-42A6-42AF-BED2-A9D31BA8A067}.Debug|Any CPU.Deploy.0 = Debug|Any CPU
		{B343E183-42A6-42AF-BED2-A9D31BA8A067}.Debug|iPhone.ActiveCfg = Debug|Any CPU
		{B343E183-42A6-42AF-BED2-A9D31BA8A067}.Debug|iPhone.Build.0 = Debug|Any CPU
		{B343E183-42A6-42AF-BED2-A9D31BA8A067}.Debug|iPhone.Deploy.0 = Debug|Any CPU
		{B343E183-42A6-42AF-BED2-A9D31BA8A067}.Debug|iPhoneSimulator.ActiveCfg = Debug|Any CPU
		{B343E183-42A6-42AF-BED2-A9D31BA8A067}.Debug|iPhoneSimulator.Build.0 = Debug|Any CPU
		{B343E183-42A6-42AF-BED2-A9D31BA8A067}.Debug|iPhoneSimulator.Deploy.0 = Debug|Any CPU
		{B343E183-42A6-42AF-BED2-A9D31BA8A067}.Release|Any CPU.ActiveCfg = Release|Any CPU
		{B343E183-42A6-42AF-BED2-A9D31BA8A067}.Release|Any CPU.Build.0 = Release|Any CPU
		{B343E183-42A6-42AF-BED2-A9D31BA8A067}.Release|Any CPU.Deploy.0 = Release|Any CPU
		{B343E183-42A6-42AF-BED2-A9D31BA8A067}.Release|iPhone.ActiveCfg = Release|Any CPU
		{B343E183-42A6-42AF-BED2-A9D31BA8A067}.Release|iPhone.Build.0 = Release|Any CPU
		{B343E183-42A6-42AF-BED2-A9D31BA8A067}.Release|iPhone.Deploy.0 = Release|Any CPU
		{B343E183-42A6-42AF-BED2-A9D31BA8A067}.Release|iPhoneSimulator.ActiveCfg = Release|Any CPU
		{B343E183-42A6-42AF-BED2-A9D31BA8A067}.Release|iPhoneSimulator.Build.0 = Release|Any CPU
		{B343E183-42A6-42AF-BED2-A9D31BA8A067}.Release|iPhoneSimulator.Deploy.0 = Release|Any CPU
		{98D20834-4733-4800-A5B7-15177111A50B}.Debug|Any CPU.ActiveCfg = Debug|Any CPU
		{98D20834-4733-4800-A5B7-15177111A50B}.Debug|Any CPU.Build.0 = Debug|Any CPU
		{98D20834-4733-4800-A5B7-15177111A50B}.Debug|iPhone.ActiveCfg = Debug|Any CPU
		{98D20834-4733-4800-A5B7-15177111A50B}.Debug|iPhone.Build.0 = Debug|Any CPU
		{98D20834-4733-4800-A5B7-15177111A50B}.Debug|iPhoneSimulator.ActiveCfg = Debug|Any CPU
		{98D20834-4733-4800-A5B7-15177111A50B}.Debug|iPhoneSimulator.Build.0 = Debug|Any CPU
		{98D20834-4733-4800-A5B7-15177111A50B}.Release|Any CPU.ActiveCfg = Release|Any CPU
		{98D20834-4733-4800-A5B7-15177111A50B}.Release|Any CPU.Build.0 = Release|Any CPU
		{98D20834-4733-4800-A5B7-15177111A50B}.Release|iPhone.ActiveCfg = Release|Any CPU
		{98D20834-4733-4800-A5B7-15177111A50B}.Release|iPhone.Build.0 = Release|Any CPU
		{98D20834-4733-4800-A5B7-15177111A50B}.Release|iPhoneSimulator.ActiveCfg = Release|Any CPU
		{98D20834-4733-4800-A5B7-15177111A50B}.Release|iPhoneSimulator.Build.0 = Release|Any CPU
		{05421C3E-47C0-41F5-878F-B5712CDED840}.Debug|Any CPU.ActiveCfg = Debug|Any CPU
		{05421C3E-47C0-41F5-878F-B5712CDED840}.Debug|Any CPU.Build.0 = Debug|Any CPU
		{05421C3E-47C0-41F5-878F-B5712CDED840}.Debug|iPhone.ActiveCfg = Debug|Any CPU
		{05421C3E-47C0-41F5-878F-B5712CDED840}.Debug|iPhone.Build.0 = Debug|Any CPU
		{05421C3E-47C0-41F5-878F-B5712CDED840}.Debug|iPhoneSimulator.ActiveCfg = Debug|Any CPU
		{05421C3E-47C0-41F5-878F-B5712CDED840}.Debug|iPhoneSimulator.Build.0 = Debug|Any CPU
		{05421C3E-47C0-41F5-878F-B5712CDED840}.Release|Any CPU.ActiveCfg = Release|Any CPU
		{05421C3E-47C0-41F5-878F-B5712CDED840}.Release|Any CPU.Build.0 = Release|Any CPU
		{05421C3E-47C0-41F5-878F-B5712CDED840}.Release|iPhone.ActiveCfg = Release|Any CPU
		{05421C3E-47C0-41F5-878F-B5712CDED840}.Release|iPhone.Build.0 = Release|Any CPU
		{05421C3E-47C0-41F5-878F-B5712CDED840}.Release|iPhoneSimulator.ActiveCfg = Release|Any CPU
		{05421C3E-47C0-41F5-878F-B5712CDED840}.Release|iPhoneSimulator.Build.0 = Release|Any CPU
	EndGlobalSection
	GlobalSection(SolutionProperties) = preSolution
		HideSolutionNode = FALSE
	EndGlobalSection
	GlobalSection(ExtensibilityGlobals) = postSolution
		SolutionGuid = {457C1CDA-6489-431A-BF08-00A62368B1D8}
	EndGlobalSection
EndGlobal
